
Microsoft Visual Studio Solution File, Format Version 12.00
# Visual Studio Version 17
VisualStudioVersion = 17.12.35728.132
MinimumVisualStudioVersion = 10.0.40219.1
Project("{FAE04EC0-301F-11D3-BF4B-00C04F79EFBC}") = "MovieBlazor", "MovieBlazor\MovieBlazor.csproj", "{F9160859-9E41-487A-8D8F-276C053CA635}"
EndProject
Project("{FAE04EC0-301F-11D3-BF4B-00C04F79EFBC}") = "MovieAPI", "..\MovieAPI\MovieAPI\MovieAPI.csproj", "{4E3D3C42-F948-4CB2-8CA8-9D664B19A58E}"
EndProject
Global
	GlobalSection(SolutionConfigurationPlatforms) = preSolution
		Debug|Any CPU = Debug|Any CPU
		Release|Any CPU = Release|Any CPU
	EndGlobalSection
	GlobalSection(ProjectConfigurationPlatforms) = postSolution
		{F9160859-9E41-487A-8D8F-276C053CA635}.Debug|Any CPU.ActiveCfg = Debug|Any CPU
		{F9160859-9E41-487A-8D8F-276C053CA635}.Debug|Any CPU.Build.0 = Debug|Any CPU
		{F9160859-9E41-487A-8D8F-276C053CA635}.Release|Any CPU.ActiveCfg = Release|Any CPU
		{F9160859-9E41-487A-8D8F-276C053CA635}.Release|Any CPU.Build.0 = Release|Any CPU
		{4E3D3C42-F948-4CB2-8CA8-9D664B19A58E}.Debug|Any CPU.ActiveCfg = Debug|Any CPU
		{4E3D3C42-F948-4CB2-8CA8-9D664B19A58E}.Debug|Any CPU.Build.0 = Debug|Any CPU
		{4E3D3C42-F948-4CB2-8CA8-9D664B19A58E}.Release|Any CPU.ActiveCfg = Release|Any CPU
		{4E3D3C42-F948-4CB2-8CA8-9D664B19A58E}.Release|Any CPU.Build.0 = Release|Any CPU
	EndGlobalSection
	GlobalSection(SolutionProperties) = preSolution
		HideSolutionNode = FALSE
	EndGlobalSection
EndGlobal
